// !$*UTF8*$!
{
	archiveVersion = 1;
	classes = {
	};
	objectVersion = 50;
	objects = {

/* Begin PBXBuildFile section */
		1E54C55F20EBEA9D00D87FC2 /* Grippe.storyboard in Resources */ = {isa = PBXBuildFile; fileRef = 1E54C55E20EBEA9D00D87FC2 /* Grippe.storyboard */; };
		1E54C56120EC007000D87FC2 /* checking.storyboard in Resources */ = {isa = PBXBuildFile; fileRef = 1E54C56020EC007000D87FC2 /* checking.storyboard */; };
		1E54C56920EC16F000D87FC2 /*  CheckListController.swift in Sources */ = {isa = PBXBuildFile; fileRef = 1E54C56820EC16F000D87FC2 /*  CheckListController.swift */; };
		1E54C56B20EC1C3800D87FC2 /* TableView.storyboard in Resources */ = {isa = PBXBuildFile; fileRef = 1E54C56A20EC1C3800D87FC2 /* TableView.storyboard */; };
		1E54C56D20EC2B3C00D87FC2 /* Picker.storyboard in Resources */ = {isa = PBXBuildFile; fileRef = 1E54C56C20EC2B3C00D87FC2 /* Picker.storyboard */; };
		1E54C56F20EC311B00D87FC2 /* PickerViewController.swift in Sources */ = {isa = PBXBuildFile; fileRef = 1E54C56E20EC311B00D87FC2 /* PickerViewController.swift */; };
		1EB912F220ECB48400239F69 /* Result.storyboard in Resources */ = {isa = PBXBuildFile; fileRef = 1EB912F120ECB48400239F69 /* Result.storyboard */; };
		1EB912F420ECCD4300239F69 /* ResultViewController.swift in Sources */ = {isa = PBXBuildFile; fileRef = 1EB912F320ECCD4300239F69 /* ResultViewController.swift */; };
		053A8A7020EB64F300054A0F /* question.swift in Sources */ = {isa = PBXBuildFile; fileRef = 053A8A6E20EB64F300054A0F /* question.swift */; };
		053A8A7620EB6B1D00054A0F /* data.json in Resources */ = {isa = PBXBuildFile; fileRef = 053A8A7520EB6B1C00054A0F /* data.json */; };
		053A8A7820EB710D00054A0F /* dataTransformer.swift in Sources */ = {isa = PBXBuildFile; fileRef = 053A8A7720EB710D00054A0F /* dataTransformer.swift */; };
		05881C9520EBE875009DB186 /* NavigationController.swift in Sources */ = {isa = PBXBuildFile; fileRef = 05881C9420EBE875009DB186 /* NavigationController.swift */; };
		05881C9720EBEE95009DB186 /* PainController.swift in Sources */ = {isa = PBXBuildFile; fileRef = 05881C9620EBEE95009DB186 /* PainController.swift */; };
		05DFDB9923D404FABEB9DC68 /* Pods_feelae.framework in Frameworks */ = {isa = PBXBuildFile; fileRef = 4FE2B7722D33159CA4EF26D5 /* Pods_feelae.framework */; };
		531AF9FC20EA283200E680DF /* AppDelegate.swift in Sources */ = {isa = PBXBuildFile; fileRef = 531AF9FB20EA283200E680DF /* AppDelegate.swift */; };
		531AF9FE20EA283200E680DF /* ViewController.swift in Sources */ = {isa = PBXBuildFile; fileRef = 531AF9FD20EA283200E680DF /* ViewController.swift */; };
		531AFA0120EA283200E680DF /* Main.storyboard in Resources */ = {isa = PBXBuildFile; fileRef = 531AF9FF20EA283200E680DF /* Main.storyboard */; settings = {ASSET_TAGS = (Stepper, ); }; };
		531AFA0320EA283300E680DF /* Assets.xcassets in Resources */ = {isa = PBXBuildFile; fileRef = 531AFA0220EA283300E680DF /* Assets.xcassets */; };
		531AFA0620EA283300E680DF /* LaunchScreen.storyboard in Resources */ = {isa = PBXBuildFile; fileRef = 531AFA0420EA283300E680DF /* LaunchScreen.storyboard */; };
		531AFA0F20EA29A500E680DF /* SymptomeController.swift in Sources */ = {isa = PBXBuildFile; fileRef = 531AFA0E20EA29A500E680DF /* SymptomeController.swift */; };
/* End PBXBuildFile section */

/* Begin PBXFileReference section */
		1E54C55E20EBEA9D00D87FC2 /* Grippe.storyboard */ = {isa = PBXFileReference; lastKnownFileType = file.storyboard; path = Grippe.storyboard; sourceTree = "<group>"; };
		1E54C56020EC007000D87FC2 /* checking.storyboard */ = {isa = PBXFileReference; lastKnownFileType = file.storyboard; path = checking.storyboard; sourceTree = "<group>"; };
		1E54C56820EC16F000D87FC2 /*  CheckListController.swift */ = {isa = PBXFileReference; fileEncoding = 4; lastKnownFileType = sourcecode.swift; path = " CheckListController.swift"; sourceTree = "<group>"; };
		1E54C56A20EC1C3800D87FC2 /* TableView.storyboard */ = {isa = PBXFileReference; lastKnownFileType = file.storyboard; path = TableView.storyboard; sourceTree = "<group>"; };
		1E54C56C20EC2B3C00D87FC2 /* Picker.storyboard */ = {isa = PBXFileReference; lastKnownFileType = file.storyboard; path = Picker.storyboard; sourceTree = "<group>"; };
		1E54C56E20EC311B00D87FC2 /* PickerViewController.swift */ = {isa = PBXFileReference; lastKnownFileType = sourcecode.swift; path = PickerViewController.swift; sourceTree = "<group>"; };
		1EB912F120ECB48400239F69 /* Result.storyboard */ = {isa = PBXFileReference; lastKnownFileType = file.storyboard; path = Result.storyboard; sourceTree = "<group>"; };
		1EB912F320ECCD4300239F69 /* ResultViewController.swift */ = {isa = PBXFileReference; lastKnownFileType = sourcecode.swift; path = ResultViewController.swift; sourceTree = "<group>"; };
		053A8A6E20EB64F300054A0F /* question.swift */ = {isa = PBXFileReference; fileEncoding = 4; lastKnownFileType = sourcecode.swift; name = question.swift; path = emplate/question.swift; sourceTree = "<group>"; };
		053A8A7520EB6B1C00054A0F /* data.json */ = {isa = PBXFileReference; fileEncoding = 4; lastKnownFileType = text.json; name = data.json; path = emplate/data.json; sourceTree = "<group>"; };
		053A8A7720EB710D00054A0F /* dataTransformer.swift */ = {isa = PBXFileReference; fileEncoding = 4; lastKnownFileType = sourcecode.swift; name = dataTransformer.swift; path = emplate/dataTransformer.swift; sourceTree = "<group>"; };
		05881C9420EBE875009DB186 /* NavigationController.swift */ = {isa = PBXFileReference; fileEncoding = 4; lastKnownFileType = sourcecode.swift; name = NavigationController.swift; path = emplate/NavigationController.swift; sourceTree = "<group>"; };
		05881C9620EBEE95009DB186 /* PainController.swift */ = {isa = PBXFileReference; fileEncoding = 4; lastKnownFileType = sourcecode.swift; name = PainController.swift; path = emplate/PainController.swift; sourceTree = "<group>"; };
		3E96664AA079A3D199218385 /* Pods-feelae.debug.xcconfig */ = {isa = PBXFileReference; includeInIndex = 1; lastKnownFileType = text.xcconfig; name = "Pods-feelae.debug.xcconfig"; path = "Pods/Target Support Files/Pods-feelae/Pods-feelae.debug.xcconfig"; sourceTree = "<group>"; };
		4FE2B7722D33159CA4EF26D5 /* Pods_feelae.framework */ = {isa = PBXFileReference; explicitFileType = wrapper.framework; includeInIndex = 0; path = Pods_feelae.framework; sourceTree = BUILT_PRODUCTS_DIR; };
		531AF9F820EA283200E680DF /* feelae.app */ = {isa = PBXFileReference; explicitFileType = wrapper.application; includeInIndex = 0; path = feelae.app; sourceTree = BUILT_PRODUCTS_DIR; };
		531AF9FB20EA283200E680DF /* AppDelegate.swift */ = {isa = PBXFileReference; lastKnownFileType = sourcecode.swift; path = AppDelegate.swift; sourceTree = "<group>"; };
		531AF9FD20EA283200E680DF /* ViewController.swift */ = {isa = PBXFileReference; lastKnownFileType = sourcecode.swift; path = ViewController.swift; sourceTree = "<group>"; };
		531AFA0020EA283200E680DF /* Base */ = {isa = PBXFileReference; lastKnownFileType = file.storyboard; name = Base; path = Base.lproj/Main.storyboard; sourceTree = "<group>"; };
		531AFA0220EA283300E680DF /* Assets.xcassets */ = {isa = PBXFileReference; lastKnownFileType = folder.assetcatalog; path = Assets.xcassets; sourceTree = "<group>"; };
		531AFA0520EA283300E680DF /* Base */ = {isa = PBXFileReference; lastKnownFileType = file.storyboard; name = Base; path = Base.lproj/LaunchScreen.storyboard; sourceTree = "<group>"; };
		531AFA0720EA283300E680DF /* Info.plist */ = {isa = PBXFileReference; lastKnownFileType = text.plist.xml; path = Info.plist; sourceTree = "<group>"; };
		531AFA0E20EA29A500E680DF /* SymptomeController.swift */ = {isa = PBXFileReference; lastKnownFileType = sourcecode.swift; path = SymptomeController.swift; sourceTree = "<group>"; };
		63AA058B0885BEE97245EA33 /* Pods-feelae.release.xcconfig */ = {isa = PBXFileReference; includeInIndex = 1; lastKnownFileType = text.xcconfig; name = "Pods-feelae.release.xcconfig"; path = "Pods/Target Support Files/Pods-feelae/Pods-feelae.release.xcconfig"; sourceTree = "<group>"; };
/* End PBXFileReference section */

/* Begin PBXFrameworksBuildPhase section */
		531AF9F520EA283200E680DF /* Frameworks */ = {
			isa = PBXFrameworksBuildPhase;
			buildActionMask = 2147483647;
			files = (
				05DFDB9923D404FABEB9DC68 /* Pods_feelae.framework in Frameworks */,
			);
			runOnlyForDeploymentPostprocessing = 0;
		};
/* End PBXFrameworksBuildPhase section */

/* Begin PBXGroup section */
		053A8A6D20EB64D600054A0F /* Model */ = {
			isa = PBXGroup;
			children = (
				053A8A7520EB6B1C00054A0F /* data.json */,
				053A8A6E20EB64F300054A0F /* question.swift */,
			);
			path = Model;
			sourceTree = "<group>";
		};
		053A8A7220EB6A3A00054A0F /* Transformer */ = {
			isa = PBXGroup;
			children = (
				053A8A7720EB710D00054A0F /* dataTransformer.swift */,
			);
			path = Transformer;
			sourceTree = "<group>";
		};
		531AF9EF20EA283200E680DF = {
			isa = PBXGroup;
			children = (
				531AF9FA20EA283200E680DF /* feelae */,
				531AF9F920EA283200E680DF /* Products */,
				AACD1A690E8492EEBE1D26D5 /* Pods */,
				F3E4A5DC177B2B7C4DAF66C4 /* Frameworks */,
			);
			sourceTree = "<group>";
		};
		531AF9F920EA283200E680DF /* Products */ = {
			isa = PBXGroup;
			children = (
				531AF9F820EA283200E680DF /* feelae.app */,
			);
			name = Products;
			sourceTree = "<group>";
		};
		531AF9FA20EA283200E680DF /* feelae */ = {
			isa = PBXGroup;
			children = (
				053A8A7220EB6A3A00054A0F /* Transformer */,
				053A8A6D20EB64D600054A0F /* Model */,
				531AFA0D20EA295300E680DF /* Controllers */,
				531AF9FB20EA283200E680DF /* AppDelegate.swift */,
				531AF9FF20EA283200E680DF /* Main.storyboard */,
				531AFA0220EA283300E680DF /* Assets.xcassets */,
				531AFA0420EA283300E680DF /* LaunchScreen.storyboard */,
				531AFA0720EA283300E680DF /* Info.plist */,
				1E54C55E20EBEA9D00D87FC2 /* Grippe.storyboard */,
				1E54C56020EC007000D87FC2 /* checking.storyboard */,
				1E54C56A20EC1C3800D87FC2 /* TableView.storyboard */,
				1E54C56C20EC2B3C00D87FC2 /* Picker.storyboard */,
				1EB912F120ECB48400239F69 /* Result.storyboard */,
			);
			path = feelae;
			sourceTree = "<group>";
		};
		531AFA0D20EA295300E680DF /* Controllers */ = {
			isa = PBXGroup;
			children = (
				1E54C56820EC16F000D87FC2 /*  CheckListController.swift */,
				05881C9620EBEE95009DB186 /* PainController.swift */,
				05881C9420EBE875009DB186 /* NavigationController.swift */,
				531AF9FD20EA283200E680DF /* ViewController.swift */,
				531AFA0E20EA29A500E680DF /* SymptomeController.swift */,
				1E54C56E20EC311B00D87FC2 /* PickerViewController.swift */,
				1EB912F320ECCD4300239F69 /* ResultViewController.swift */,
			);
			path = Controllers;
			sourceTree = "<group>";
		};
		AACD1A690E8492EEBE1D26D5 /* Pods */ = {
			isa = PBXGroup;
			children = (
				3E96664AA079A3D199218385 /* Pods-feelae.debug.xcconfig */,
				63AA058B0885BEE97245EA33 /* Pods-feelae.release.xcconfig */,
			);
			name = Pods;
			sourceTree = "<group>";
		};
		F3E4A5DC177B2B7C4DAF66C4 /* Frameworks */ = {
			isa = PBXGroup;
			children = (
				4FE2B7722D33159CA4EF26D5 /* Pods_feelae.framework */,
			);
			name = Frameworks;
			sourceTree = "<group>";
		};
/* End PBXGroup section */

/* Begin PBXNativeTarget section */
		531AF9F720EA283200E680DF /* feelae */ = {
			isa = PBXNativeTarget;
			buildConfigurationList = 531AFA0A20EA283300E680DF /* Build configuration list for PBXNativeTarget "feelae" */;
			buildPhases = (
				40FA87250B52397DD15DE19B /* [CP] Check Pods Manifest.lock */,
				531AF9F420EA283200E680DF /* Sources */,
				531AF9F520EA283200E680DF /* Frameworks */,
				531AF9F620EA283200E680DF /* Resources */,
				23F09208CDA6870EC019C9D0 /* [CP] Embed Pods Frameworks */,
			);
			buildRules = (
			);
			dependencies = (
			);
			name = feelae;
			productName = feelae;
			productReference = 531AF9F820EA283200E680DF /* feelae.app */;
			productType = "com.apple.product-type.application";
		};
/* End PBXNativeTarget section */

/* Begin PBXProject section */
		531AF9F020EA283200E680DF /* Project object */ = {
			isa = PBXProject;
			attributes = {
				KnownAssetTags = (
					Stepper,
				);
				LastSwiftUpdateCheck = 0930;
				LastUpgradeCheck = 0930;
				ORGANIZATIONNAME = "Thibaut Marsal";
				TargetAttributes = {
					531AF9F720EA283200E680DF = {
						CreatedOnToolsVersion = 9.3;
					};
				};
			};
			buildConfigurationList = 531AF9F320EA283200E680DF /* Build configuration list for PBXProject "feelae" */;
			compatibilityVersion = "Xcode 9.3";
			developmentRegion = en;
			hasScannedForEncodings = 0;
			knownRegions = (
				en,
				Base,
			);
			mainGroup = 531AF9EF20EA283200E680DF;
			productRefGroup = 531AF9F920EA283200E680DF /* Products */;
			projectDirPath = "";
			projectRoot = "";
			targets = (
				531AF9F720EA283200E680DF /* feelae */,
			);
		};
/* End PBXProject section */

/* Begin PBXResourcesBuildPhase section */
		531AF9F620EA283200E680DF /* Resources */ = {
			isa = PBXResourcesBuildPhase;
			buildActionMask = 2147483647;
			files = (
				531AFA0620EA283300E680DF /* LaunchScreen.storyboard in Resources */,
				531AFA0320EA283300E680DF /* Assets.xcassets in Resources */,
				1E54C56120EC007000D87FC2 /* checking.storyboard in Resources */,
				531AFA0120EA283200E680DF /* Main.storyboard in Resources */,
				1E54C55F20EBEA9D00D87FC2 /* Grippe.storyboard in Resources */,
				1E54C56B20EC1C3800D87FC2 /* TableView.storyboard in Resources */,
				1E54C56D20EC2B3C00D87FC2 /* Picker.storyboard in Resources */,
				1EB912F220ECB48400239F69 /* Result.storyboard in Resources */,
				053A8A7620EB6B1D00054A0F /* data.json in Resources */,
			);
			runOnlyForDeploymentPostprocessing = 0;
		};
/* End PBXResourcesBuildPhase section */

/* Begin PBXShellScriptBuildPhase section */
		23F09208CDA6870EC019C9D0 /* [CP] Embed Pods Frameworks */ = {
			isa = PBXShellScriptBuildPhase;
			buildActionMask = 2147483647;
			files = (
			);
			inputPaths = (
				"${SRCROOT}/Pods/Target Support Files/Pods-feelae/Pods-feelae-frameworks.sh",
				"${BUILT_PRODUCTS_DIR}/SwiftyJSON/SwiftyJSON.framework",
			);
			name = "[CP] Embed Pods Frameworks";
			outputPaths = (
				"${TARGET_BUILD_DIR}/${FRAMEWORKS_FOLDER_PATH}/SwiftyJSON.framework",
			);
			runOnlyForDeploymentPostprocessing = 0;
			shellPath = /bin/sh;
			shellScript = "\"${SRCROOT}/Pods/Target Support Files/Pods-feelae/Pods-feelae-frameworks.sh\"\n";
			showEnvVarsInLog = 0;
		};
		40FA87250B52397DD15DE19B /* [CP] Check Pods Manifest.lock */ = {
			isa = PBXShellScriptBuildPhase;
			buildActionMask = 2147483647;
			files = (
			);
			inputPaths = (
				"${PODS_PODFILE_DIR_PATH}/Podfile.lock",
				"${PODS_ROOT}/Manifest.lock",
			);
			name = "[CP] Check Pods Manifest.lock";
			outputPaths = (
				"$(DERIVED_FILE_DIR)/Pods-feelae-checkManifestLockResult.txt",
			);
			runOnlyForDeploymentPostprocessing = 0;
			shellPath = /bin/sh;
			shellScript = "diff \"${PODS_PODFILE_DIR_PATH}/Podfile.lock\" \"${PODS_ROOT}/Manifest.lock\" > /dev/null\nif [ $? != 0 ] ; then\n    # print error to STDERR\n    echo \"error: The sandbox is not in sync with the Podfile.lock. Run 'pod install' or update your CocoaPods installation.\" >&2\n    exit 1\nfi\n# This output is used by Xcode 'outputs' to avoid re-running this script phase.\necho \"SUCCESS\" > \"${SCRIPT_OUTPUT_FILE_0}\"\n";
			showEnvVarsInLog = 0;
		};
/* End PBXShellScriptBuildPhase section */

/* Begin PBXSourcesBuildPhase section */
		531AF9F420EA283200E680DF /* Sources */ = {
			isa = PBXSourcesBuildPhase;
			buildActionMask = 2147483647;
			files = (
				1E54C56F20EC311B00D87FC2 /* PickerViewController.swift in Sources */,
				053A8A7820EB710D00054A0F /* dataTransformer.swift in Sources */,
				531AF9FE20EA283200E680DF /* ViewController.swift in Sources */,
				053A8A7020EB64F300054A0F /* question.swift in Sources */,
				531AF9FC20EA283200E680DF /* AppDelegate.swift in Sources */,
				05881C9520EBE875009DB186 /* NavigationController.swift in Sources */,
				531AFA0F20EA29A500E680DF /* SymptomeController.swift in Sources */,
				1E54C56920EC16F000D87FC2 /*  CheckListController.swift in Sources */,
				1EB912F420ECCD4300239F69 /* ResultViewController.swift in Sources */,
				05881C9720EBEE95009DB186 /* PainController.swift in Sources */,
			);
			runOnlyForDeploymentPostprocessing = 0;
		};
/* End PBXSourcesBuildPhase section */

/* Begin PBXVariantGroup section */
		531AF9FF20EA283200E680DF /* Main.storyboard */ = {
			isa = PBXVariantGroup;
			children = (
				531AFA0020EA283200E680DF /* Base */,
			);
			name = Main.storyboard;
			sourceTree = "<group>";
		};
		531AFA0420EA283300E680DF /* LaunchScreen.storyboard */ = {
			isa = PBXVariantGroup;
			children = (
				531AFA0520EA283300E680DF /* Base */,
			);
			name = LaunchScreen.storyboard;
			sourceTree = "<group>";
		};
/* End PBXVariantGroup section */

/* Begin XCBuildConfiguration section */
		531AFA0820EA283300E680DF /* Debug */ = {
			isa = XCBuildConfiguration;
			buildSettings = {
				ALWAYS_SEARCH_USER_PATHS = NO;
				CLANG_ANALYZER_NONNULL = YES;
				CLANG_ANALYZER_NUMBER_OBJECT_CONVERSION = YES_AGGRESSIVE;
				CLANG_CXX_LANGUAGE_STANDARD = "gnu++14";
				CLANG_CXX_LIBRARY = "libc++";
				CLANG_ENABLE_MODULES = YES;
				CLANG_ENABLE_OBJC_ARC = YES;
				CLANG_ENABLE_OBJC_WEAK = YES;
				CLANG_WARN_BLOCK_CAPTURE_AUTORELEASING = YES;
				CLANG_WARN_BOOL_CONVERSION = YES;
				CLANG_WARN_COMMA = YES;
				CLANG_WARN_CONSTANT_CONVERSION = YES;
				CLANG_WARN_DEPRECATED_OBJC_IMPLEMENTATIONS = YES;
				CLANG_WARN_DIRECT_OBJC_ISA_USAGE = YES_ERROR;
				CLANG_WARN_DOCUMENTATION_COMMENTS = YES;
				CLANG_WARN_EMPTY_BODY = YES;
				CLANG_WARN_ENUM_CONVERSION = YES;
				CLANG_WARN_INFINITE_RECURSION = YES;
				CLANG_WARN_INT_CONVERSION = YES;
				CLANG_WARN_NON_LITERAL_NULL_CONVERSION = YES;
				CLANG_WARN_OBJC_IMPLICIT_RETAIN_SELF = YES;
				CLANG_WARN_OBJC_LITERAL_CONVERSION = YES;
				CLANG_WARN_OBJC_ROOT_CLASS = YES_ERROR;
				CLANG_WARN_RANGE_LOOP_ANALYSIS = YES;
				CLANG_WARN_STRICT_PROTOTYPES = YES;
				CLANG_WARN_SUSPICIOUS_MOVE = YES;
				CLANG_WARN_UNGUARDED_AVAILABILITY = YES_AGGRESSIVE;
				CLANG_WARN_UNREACHABLE_CODE = YES;
				CLANG_WARN__DUPLICATE_METHOD_MATCH = YES;
				CODE_SIGN_IDENTITY = "iPhone Developer";
				COPY_PHASE_STRIP = NO;
				DEBUG_INFORMATION_FORMAT = dwarf;
				ENABLE_STRICT_OBJC_MSGSEND = YES;
				ENABLE_TESTABILITY = YES;
				GCC_C_LANGUAGE_STANDARD = gnu11;
				GCC_DYNAMIC_NO_PIC = NO;
				GCC_NO_COMMON_BLOCKS = YES;
				GCC_OPTIMIZATION_LEVEL = 0;
				GCC_PREPROCESSOR_DEFINITIONS = (
					"DEBUG=1",
					"$(inherited)",
				);
				GCC_WARN_64_TO_32_BIT_CONVERSION = YES;
				GCC_WARN_ABOUT_RETURN_TYPE = YES_ERROR;
				GCC_WARN_UNDECLARED_SELECTOR = YES;
				GCC_WARN_UNINITIALIZED_AUTOS = YES_AGGRESSIVE;
				GCC_WARN_UNUSED_FUNCTION = YES;
				GCC_WARN_UNUSED_VARIABLE = YES;
				IPHONEOS_DEPLOYMENT_TARGET = 11.0;
				MTL_ENABLE_DEBUG_INFO = YES;
				ONLY_ACTIVE_ARCH = YES;
				SDKROOT = iphoneos11.3;
				SWIFT_ACTIVE_COMPILATION_CONDITIONS = DEBUG;
				SWIFT_OPTIMIZATION_LEVEL = "-Onone";
			};
			name = Debug;
		};
		531AFA0920EA283300E680DF /* Release */ = {
			isa = XCBuildConfiguration;
			buildSettings = {
				ALWAYS_SEARCH_USER_PATHS = NO;
				CLANG_ANALYZER_NONNULL = YES;
				CLANG_ANALYZER_NUMBER_OBJECT_CONVERSION = YES_AGGRESSIVE;
				CLANG_CXX_LANGUAGE_STANDARD = "gnu++14";
				CLANG_CXX_LIBRARY = "libc++";
				CLANG_ENABLE_MODULES = YES;
				CLANG_ENABLE_OBJC_ARC = YES;
				CLANG_ENABLE_OBJC_WEAK = YES;
				CLANG_WARN_BLOCK_CAPTURE_AUTORELEASING = YES;
				CLANG_WARN_BOOL_CONVERSION = YES;
				CLANG_WARN_COMMA = YES;
				CLANG_WARN_CONSTANT_CONVERSION = YES;
				CLANG_WARN_DEPRECATED_OBJC_IMPLEMENTATIONS = YES;
				CLANG_WARN_DIRECT_OBJC_ISA_USAGE = YES_ERROR;
				CLANG_WARN_DOCUMENTATION_COMMENTS = YES;
				CLANG_WARN_EMPTY_BODY = YES;
				CLANG_WARN_ENUM_CONVERSION = YES;
				CLANG_WARN_INFINITE_RECURSION = YES;
				CLANG_WARN_INT_CONVERSION = YES;
				CLANG_WARN_NON_LITERAL_NULL_CONVERSION = YES;
				CLANG_WARN_OBJC_IMPLICIT_RETAIN_SELF = YES;
				CLANG_WARN_OBJC_LITERAL_CONVERSION = YES;
				CLANG_WARN_OBJC_ROOT_CLASS = YES_ERROR;
				CLANG_WARN_RANGE_LOOP_ANALYSIS = YES;
				CLANG_WARN_STRICT_PROTOTYPES = YES;
				CLANG_WARN_SUSPICIOUS_MOVE = YES;
				CLANG_WARN_UNGUARDED_AVAILABILITY = YES_AGGRESSIVE;
				CLANG_WARN_UNREACHABLE_CODE = YES;
				CLANG_WARN__DUPLICATE_METHOD_MATCH = YES;
				CODE_SIGN_IDENTITY = "iPhone Developer";
				COPY_PHASE_STRIP = NO;
				DEBUG_INFORMATION_FORMAT = "dwarf-with-dsym";
				ENABLE_NS_ASSERTIONS = NO;
				ENABLE_STRICT_OBJC_MSGSEND = YES;
				GCC_C_LANGUAGE_STANDARD = gnu11;
				GCC_NO_COMMON_BLOCKS = YES;
				GCC_WARN_64_TO_32_BIT_CONVERSION = YES;
				GCC_WARN_ABOUT_RETURN_TYPE = YES_ERROR;
				GCC_WARN_UNDECLARED_SELECTOR = YES;
				GCC_WARN_UNINITIALIZED_AUTOS = YES_AGGRESSIVE;
				GCC_WARN_UNUSED_FUNCTION = YES;
				GCC_WARN_UNUSED_VARIABLE = YES;
				IPHONEOS_DEPLOYMENT_TARGET = 11.0;
				MTL_ENABLE_DEBUG_INFO = NO;
				SDKROOT = iphoneos11.3;
				SWIFT_COMPILATION_MODE = wholemodule;
				SWIFT_OPTIMIZATION_LEVEL = "-O";
				VALIDATE_PRODUCT = YES;
			};
			name = Release;
		};
		531AFA0B20EA283300E680DF /* Debug */ = {
			isa = XCBuildConfiguration;
			baseConfigurationReference = 3E96664AA079A3D199218385 /* Pods-feelae.debug.xcconfig */;
			buildSettings = {
				ASSETCATALOG_COMPILER_APPICON_NAME = AppIcon;
				CODE_SIGN_STYLE = Automatic;
				DEVELOPMENT_TEAM = 49ZR496HYZ;
				INFOPLIST_FILE = feelae/Info.plist;
				LD_RUNPATH_SEARCH_PATHS = (
					"$(inherited)",
					"@executable_path/Frameworks",
				);
				PRODUCT_BUNDLE_IDENTIFIER = hetic.feelae;
				PRODUCT_NAME = "$(TARGET_NAME)";
				SWIFT_VERSION = 4.0;
				TARGETED_DEVICE_FAMILY = "1,2";
			};
			name = Debug;
		};
		531AFA0C20EA283300E680DF /* Release */ = {
			isa = XCBuildConfiguration;
			baseConfigurationReference = 63AA058B0885BEE97245EA33 /* Pods-feelae.release.xcconfig */;
			buildSettings = {
				ASSETCATALOG_COMPILER_APPICON_NAME = AppIcon;
				CODE_SIGN_STYLE = Automatic;
				DEVELOPMENT_TEAM = 49ZR496HYZ;
				INFOPLIST_FILE = feelae/Info.plist;
				LD_RUNPATH_SEARCH_PATHS = (
					"$(inherited)",
					"@executable_path/Frameworks",
				);
				PRODUCT_BUNDLE_IDENTIFIER = hetic.feelae;
				PRODUCT_NAME = "$(TARGET_NAME)";
				SWIFT_VERSION = 4.0;
				TARGETED_DEVICE_FAMILY = "1,2";
			};
			name = Release;
		};
/* End XCBuildConfiguration section */

/* Begin XCConfigurationList section */
		531AF9F320EA283200E680DF /* Build configuration list for PBXProject "feelae" */ = {
			isa = XCConfigurationList;
			buildConfigurations = (
				531AFA0820EA283300E680DF /* Debug */,
				531AFA0920EA283300E680DF /* Release */,
			);
			defaultConfigurationIsVisible = 0;
			defaultConfigurationName = Release;
		};
		531AFA0A20EA283300E680DF /* Build configuration list for PBXNativeTarget "feelae" */ = {
			isa = XCConfigurationList;
			buildConfigurations = (
				531AFA0B20EA283300E680DF /* Debug */,
				531AFA0C20EA283300E680DF /* Release */,
			);
			defaultConfigurationIsVisible = 0;
			defaultConfigurationName = Release;
		};
/* End XCConfigurationList section */
	};
	rootObject = 531AF9F020EA283200E680DF /* Project object */;
}
